{"1.2.0",
[{<<"accept">>,{pkg,<<"accept">>,<<"0.3.5">>},2},
 {<<"base64url">>,{pkg,<<"base64url">>,<<"0.0.1">>},0},
 {<<"bear">>,{pkg,<<"bear">>,<<"0.8.7">>},3},
 {<<"bender_client">>,
  {git,"https://github.com/rbkmoney/bender_client_erlang.git",
       {ref,"69024efc38167c515d1dc7b7c2bb52262ffe7d0d"}},
  0},
 {<<"bender_proto">>,
  {git,"git@github.com:rbkmoney/bender-proto.git",
       {ref,"0d5813b8a25c8d03e4e59e42aa5f4e9b785a3849"}},
  0},
 {<<"binbase_proto">>,
  {git,"git@github.com:rbkmoney/binbase-proto.git",
       {ref,"1123f8019d81291b624bf4eee0ffcb91969a1caa"}},
  0},
 {<<"cache">>,{pkg,<<"cache">>,<<"2.2.0">>},1},
 {<<"cds_proto">>,
  {git,"git@github.com:rbkmoney/cds-proto.git",
       {ref,"07f2b0f2e61d94b5fd93c40106525a9777d3398e"}},
  0},
 {<<"certifi">>,{pkg,<<"certifi">>,<<"2.5.3">>},1},
 {<<"cg_mon">>,
  {git,"https://github.com/rbkmoney/cg_mon.git",
       {ref,"5a87a37694e42b6592d3b4164ae54e0e87e24e18"}},
  1},
 {<<"cowboy">>,{pkg,<<"cowboy">>,<<"2.7.0">>},0},
 {<<"cowboy_access_log">>,
  {git,"git@github.com:rbkmoney/cowboy_access_log.git",
       {ref,"c058ad42cd11c6503feb398fb8587c2f72155a60"}},
  0},
 {<<"cowboy_cors">>,
  {git,"https://github.com/rbkmoney/cowboy_cors.git",
       {ref,"5a3b084fb8c5a4ff58e3c915a822d709d6023c3b"}},
  0},
 {<<"cowboy_draining_server">>,
  {git,"git@github.com:rbkmoney/cowboy_draining_server.git",
       {ref,"186cf4d0722d4ad79afe73d371df6b1371e51905"}},
  0},
 {<<"cowlib">>,{pkg,<<"cowlib">>,<<"2.8.0">>},1},
 {<<"damsel">>,
  {git,"https://github.com/rbkmoney/damsel.git",
       {ref,"e019402c4b8ad4bdd0eceea7ff301357a1ff315a"}},
  0},
 {<<"dmt_client">>,
  {git,"https://github.com/rbkmoney/dmt_client.git",
       {ref,"9e11f50e9c4db32fe46d6f8a2429ca060a3acd57"}},
  0},
 {<<"dmt_core">>,
  {git,"https://github.com/rbkmoney/dmt_core.git",
       {ref,"5a0ff399dee3fd606bb864dd0e27ddde539345e2"}},
  1},
 {<<"email_validator">>,
  {git,"https://github.com/rbkmoney/email_validator.git",
       {ref,"8817fcd449ee989f7ce256b29fd06935af1472dc"}},
  0},
 {<<"erl_health">>,
  {git,"https://github.com/rbkmoney/erlang-health.git",
       {ref,"982af88738ca062eea451436d830eef8c1fbe3f9"}},
  0},
 {<<"erlang_localtime">>,
  {git,"https://github.com/kpy3/erlang_localtime",
       {ref,"c79fa7dd454343e7cbbdcce0c7a95ad86af1485d"}},
  0},
 {<<"file_storage_proto">>,
  {git,"https://github.com/rbkmoney/file-storage-proto.git",
       {ref,"d1055d3e09463d4c959042b38931c113326c88f2"}},
  0},
 {<<"fistful_proto">>,
  {git,"git@github.com:rbkmoney/fistful-proto.git",
       {ref,"03f620b54774f251a05ccab93146a425775ec018"}},
  0},
 {<<"fistful_reporter_proto">>,
  {git,"git@github.com:rbkmoney/fistful-reporter-proto.git",
       {ref,"8bec5e6c08c8b43ba606a62fa65d164b07d3de96"}},
  0},
 {<<"folsom">>,
  {git,"https://github.com/folsom-project/folsom.git",
       {ref,"eeb1cc467eb64bd94075b95b8963e80d8b4df3df"}},
  2},
 {<<"genlib">>,
  {git,"https://github.com/rbkmoney/genlib.git",
       {ref,"4565a8d73f34a0b78cca32c9cd2b97d298bdadf8"}},
  0},
 {<<"gproc">>,{pkg,<<"gproc">>,<<"0.8.0">>},0},
 {<<"gun">>,
  {git,"https://github.com/ninenines/gun.git",
       {ref,"e7dd9f227e46979d8073e71c683395a809b78cb4"}},
  1},
 {<<"hackney">>,{pkg,<<"hackney">>,<<"1.17.0">>},0},
 {<<"how_are_you">>,
  {git,"https://github.com/rbkmoney/how_are_you.git",
       {ref,"8f11d17eeb6eb74096da7363a9df272fd3099718"}},
  1},
 {<<"id_proto">>,
  {git,"git@github.com:rbkmoney/identification-proto.git",
       {ref,"1ccb06388c9d717e942046facaf32c0c816d6f69"}},
  0},
 {<<"identdocstore_proto">>,
  {git,"https://github.com/rbkmoney/identdocstore-proto.git",
       {ref,"89a4cda0c7bc45528c6df54b76a97fb0fd82754f"}},
  0},
 {<<"idna">>,{pkg,<<"idna">>,<<"6.1.1">>},1},
 {<<"jesse">>,
  {git,"https://github.com/rbkmoney/jesse.git",
       {ref,"9b980b7f9ce09b6a136fe5a23d404d1b903f3061"}},
  0},
 {<<"jose">>,{pkg,<<"jose">>,<<"1.11.1">>},0},
 {<<"jsx">>,{pkg,<<"jsx">>,<<"2.8.2">>},0},
 {<<"lechiffre">>,
  {git,"https://github.com/rbkmoney/lechiffre.git",
       {ref,"a9ea635b9db03ec58e7cb2f015f124aa9edf0c4b"}},
  0},
 {<<"logger_logstash_formatter">>,
  {git,"git@github.com:rbkmoney/logger_logstash_formatter.git",
       {ref,"87e52c755cf9e64d651e3ddddbfcd2ccd1db79db"}},
  0},
 {<<"machinery">>,
  {git,"git@github.com:rbkmoney/machinery.git",
       {ref,"05a77b22c658c5c90d336d3e8c086380040a2ea3"}},
  0},
 {<<"metrics">>,{pkg,<<"metrics">>,<<"1.0.1">>},1},
 {<<"mg_proto">>,
  {git,"https://github.com/rbkmoney/machinegun_proto.git",
       {ref,"d814d6948d4ff13f6f41d12c6613f59c805750b2"}},
  1},
 {<<"mimerl">>,{pkg,<<"mimerl">>,<<"1.2.0">>},1},
 {<<"msgpack_proto">>,
  {git,"git@github.com:rbkmoney/msgpack-proto.git",
       {ref,"946343842ee740a19701df087edd1f1641eff769"}},
  1},
 {<<"parse_trans">>,
  {git,"https://github.com/uwiger/parse_trans.git",
       {ref,"76abb347c3c1d00fb0ccf9e4b43e22b3d2288484"}},
  0},
 {<<"party_client">>,
  {git,"git@github.com:rbkmoney/party_client_erlang.git",
       {ref,"d05c5f7b7797f914070b4e8b15870d915764eab0"}},
  0},
 {<<"payproc_errors">>,
  {git,"git@github.com:rbkmoney/payproc-errors-erlang.git",
       {ref,"9c16b1fc683f01a14fc50440365662dbc2036d38"}},
  0},
 {<<"prometheus">>,{pkg,<<"prometheus">>,<<"4.6.0">>},0},
 {<<"prometheus_cowboy">>,{pkg,<<"prometheus_cowboy">>,<<"0.1.8">>},0},
 {<<"prometheus_httpd">>,{pkg,<<"prometheus_httpd">>,<<"2.1.11">>},1},
 {<<"quickrand">>,
  {git,"https://github.com/okeuday/quickrand.git",
       {ref,"c80077162f32c10002219f70e0afadb71e05f88c"}},
  1},
 {<<"ranch">>,{pkg,<<"ranch">>,<<"1.7.1">>},1},
 {<<"scoper">>,
  {git,"https://github.com/rbkmoney/scoper.git",
       {ref,"89a973bf3cedc5a48c9fd89d719d25e79fe10027"}},
  0},
 {<<"shumpune_proto">>,
  {git,"git@github.com:rbkmoney/shumpune-proto.git",
       {ref,"4c87f03591cae3dad41504eb463d962af536b1ab"}},
  0},
 {<<"snowflake">>,
  {git,"https://github.com/rbkmoney/snowflake.git",
       {ref,"7f379ad5e389e1c96389a8d60bae8117965d6a6d"}},
  1},
 {<<"ssl_verify_fun">>,{pkg,<<"ssl_verify_fun">>,<<"1.1.6">>},1},
 {<<"thrift">>,
  {git,"https://github.com/rbkmoney/thrift_erlang.git",
       {ref,"846a0819d9b6d09d0c31f160e33a78dbad2067b4"}},
  0},
 {<<"uac">>,
  {git,"https://github.com/rbkmoney/erlang_uac.git",
       {ref,"f2581c8d3007f1521e8c884f0ec6d955e26e7f29"}},
  0},
 {<<"unicode_util_compat">>,{pkg,<<"unicode_util_compat">>,<<"0.7.0">>},1},
 {<<"uuid">>,
  {git,"https://github.com/okeuday/uuid.git",
       {ref,"9312cc158a94c76e40c82ca45fd5056fb191c889"}},
  0},
 {<<"woody">>,
  {git,"https://github.com/rbkmoney/woody_erlang.git",
       {ref,"58f56b462429ab1fee65e1bdb34b73512406ba00"}},
  0},
 {<<"woody_user_identity">>,
  {git,"https://github.com/rbkmoney/woody_erlang_user_identity.git",
       {ref,"a480762fea8d7c08f105fb39ca809482b6cb042e"}},
  0}]}.
[
{pkg_hash,[
 {<<"accept">>, <<"B33B127ABCA7CC948BBE6CAA4C263369ABF1347CFA9D8E699C6D214660F10CD1">>},
 {<<"base64url">>, <<"36A90125F5948E3AFD7BE97662A1504B934DD5DAC78451CA6E9ABF85A10286BE">>},
 {<<"bear">>, <<"16264309AE5D005D03718A5C82641FCC259C9E8F09ADEB6FD79CA4271168656F">>},
 {<<"cache">>, <<"3C11DBF4CD8FCD5787C95A5FB2A04038E3729CFCA0386016EEA8C953AB48A5AB">>},
 {<<"certifi">>, <<"70BDD7E7188C804F3A30EE0E7C99655BC35D8AC41C23E12325F36AB449B70651">>},
 {<<"cowboy">>, <<"91ED100138A764355F43316B1D23D7FF6BDB0DE4EA618CB5D8677C93A7A2F115">>},
 {<<"cowlib">>, <<"FD0FF1787DB84AC415B8211573E9A30A3EBE71B5CBFF7F720089972B2319C8A4">>},
 {<<"gproc">>, <<"CEA02C578589C61E5341FCE149EA36CCEF236CC2ECAC8691FBA408E7EA77EC2F">>},
 {<<"hackney">>, <<"717EA195FD2F898D9FE9F1CE0AFCC2621A41ECFE137FAE57E7FE6E9484B9AA99">>},
 {<<"idna">>, <<"8A63070E9F7D0C62EB9D9FCB360A7DE382448200FBBD1B106CC96D3D8099DF8D">>},
 {<<"jose">>, <<"59DA64010C69AAD6CDE2F5B9248B896B84472E99BD18F246085B7B9FE435DCDB">>},
 {<<"jsx">>, <<"7ACC7D785B5ABE8A6E9ADBDE926A24E481F29956DD8B4DF49E3E4E7BCC92A018">>},
 {<<"metrics">>, <<"25F094DEA2CDA98213CECC3AEFF09E940299D950904393B2A29D191C346A8486">>},
 {<<"mimerl">>, <<"67E2D3F571088D5CFD3E550C383094B47159F3EEE8FFA08E64106CDF5E981BE3">>},
 {<<"prometheus">>, <<"20510F381DB1CCAB818B4CF2FAC5FA6AB5CC91BC364A154399901C001465F46F">>},
 {<<"prometheus_cowboy">>, <<"CFCE0BC7B668C5096639084FCD873826E6220EA714BF60A716F5BD080EF2A99C">>},
 {<<"prometheus_httpd">>, <<"F616ED9B85B536B195D94104063025A91F904A4CFC20255363F49A197D96C896">>},
 {<<"ranch">>, <<"6B1FAB51B49196860B733A49C07604465A47BDB78AA10C1C16A3D199F7F8C881">>},
 {<<"ssl_verify_fun">>, <<"CF344F5692C82D2CD7554F5EC8FD961548D4FD09E7D22F5B62482E5AEAEBD4B0">>},
 {<<"unicode_util_compat">>, <<"BC84380C9AB48177092F43AC89E4DFA2C6D62B40B8BD132B1059ECC7232F9A78">>}]},
{pkg_hash_ext,[
 {<<"accept">>, <<"11B18C220BCC2EAB63B5470C038EF10EB6783BCB1FCDB11AA4137DEFA5AC1BB8">>},
 {<<"base64url">>, <<"FAB09B20E3F5DB886725544CBCF875B8E73EC93363954EB8A1A9ED834AA8C1F9">>},
 {<<"bear">>, <<"534217DCE6A719D59E54FB0EB7A367900DBFC5F85757E8C1F94269DF383F6D9B">>},
 {<<"cache">>, <<"3E7D6706DE5DF76C4D71C895B4BE62B01C3DE6EDB63197035E465C3BCE63F19B">>},
 {<<"certifi">>, <<"ED516ACB3929B101208A9D700062D520F3953DA3B6B918D866106FFA980E1C10">>},
 {<<"cowboy">>, <<"04FD8C6A39EDC6AAA9C26123009200FC61F92A3A94F3178C527B70B767C6E605">>},
 {<<"cowlib">>, <<"79F954A7021B302186A950A32869DBC185523D99D3E44CE430CD1F3289F41ED4">>},
 {<<"gproc">>, <<"580ADAFA56463B75263EF5A5DF4C86AF321F68694E7786CB057FD805D1E2A7DE">>},
 {<<"hackney">>, <<"64C22225F1EA8855F584720C0E5B3CD14095703AF1C9FBC845BA042811DC671C">>},
 {<<"idna">>, <<"92376EB7894412ED19AC475E4A86F7B413C1B9FBB5BD16DCCD57934157944CEA">>},
 {<<"jose">>, <<"078F6C9FB3CD2F4CFAFC972C814261A7D1E8D2B3685C0A76EB87E158EFFF1AC5">>},
 {<<"jsx">>, <<"B4C5D3230B397C8D95579E4A3D72826BB6463160130CCF4182F5BE8579B5F44C">>},
 {<<"metrics">>, <<"69B09ADDDC4F74A40716AE54D140F93BEB0FB8978D8636EADED0C31B6F099F16">>},
 {<<"mimerl">>, <<"F278585650AA581986264638EBF698F8BB19DF297F66AD91B18910DFC6E19323">>},
 {<<"prometheus">>, <<"4905FD2992F8038ECCD7AA0CD22F40637ED618C0BED1F75C05AACEC15B7545DE">>},
 {<<"prometheus_cowboy">>, <<"BA286BECA9302618418892D37BCD5DC669A6CC001F4EB6D6AF85FF81F3F4F34C">>},
 {<<"prometheus_httpd">>, <<"0BBE831452CFDF9588538EB2F570B26F30C348ADAE5E95A7D87F35A5910BCF92">>},
 {<<"ranch">>, <<"451D8527787DF716D99DC36162FCA05934915DB0B6141BBDAC2EA8D3C7AFC7D7">>},
 {<<"ssl_verify_fun">>, <<"BDB0D2471F453C88FF3908E7686F86F9BE327D065CC1EC16FA4540197EA04680">>},
 {<<"unicode_util_compat">>, <<"25EEE6D67DF61960CF6A794239566599B09E17E668D3700247BC498638152521">>}]}
].
