{"1.1.0",
[{<<"base64url">>,{pkg,<<"base64url">>,<<"0.0.1">>},0},
 {<<"bear">>,{pkg,<<"bear">>,<<"0.8.7">>},3},
 {<<"bender_client">>,
  {git,"git@github.com:rbkmoney/bender_client_erlang.git",
       {ref,"e7952b4ffc78668f4ba28502b4cb0008e968d14d"}},
  0},
 {<<"bender_proto">>,
  {git,"git@github.com:rbkmoney/bender-proto.git",
       {ref,"0d5813b8a25c8d03e4e59e42aa5f4e9b785a3849"}},
  0},
 {<<"binbase_proto">>,
  {git,"git@github.com:rbkmoney/binbase-proto.git",
       {ref,"711cc6337cf1deeb3b5a06528a5424f34ebede8e"}},
  0},
 {<<"cache">>,{pkg,<<"cache">>,<<"2.2.0">>},1},
 {<<"cds_proto">>,
  {git,"git@github.com:rbkmoney/cds-proto.git",
       {ref,"dfa135410d6e186a067acc9afda5ebbf4b454fb7"}},
  0},
 {<<"certifi">>,{pkg,<<"certifi">>,<<"2.5.1">>},1},
 {<<"cg_mon">>,
  {git,"https://github.com/rbkmoney/cg_mon.git",
       {ref,"5a87a37694e42b6592d3b4164ae54e0e87e24e18"}},
  1},
 {<<"cowboy">>,{pkg,<<"cowboy">>,<<"2.7.0">>},0},
 {<<"cowboy_access_log">>,
  {git,"git@github.com:rbkmoney/cowboy_access_log.git",
       {ref,"157e1f798115cf216a82344dbf21b1d111d6505f"}},
  0},
 {<<"cowboy_cors">>,
  {git,"https://github.com/rbkmoney/cowboy_cors.git",
       {ref,"62f24fa78cd48e80a9aba86b508d1b160a2737e9"}},
  0},
 {<<"cowboy_draining_server">>,
  {git,"git@github.com:rbkmoney/cowboy_draining_server.git",
       {ref,"186cf4d0722d4ad79afe73d371df6b1371e51905"}},
  0},
 {<<"cowlib">>,{pkg,<<"cowlib">>,<<"2.8.0">>},1},
 {<<"damsel">>,
  {git,"git@github.com:rbkmoney/damsel.git",
       {ref,"874a67b413a23316fa4770d569b739ea01dcf086"}},
  0},
 {<<"dmt_client">>,
  {git,"https://github.com/rbkmoney/dmt_client.git",
       {ref,"f0ace912f4ea8225044367cd347e0142ee7eac51"}},
  0},
 {<<"dmt_core">>,
  {git,"https://github.com/rbkmoney/dmt_core.git",
       {ref,"5a0ff399dee3fd606bb864dd0e27ddde539345e2"}},
  1},
 {<<"email_validator">>,
  {git,"https://github.com/rbkmoney/email_validator.git",
       {ref,"be90c6ebd34d29fa9390136469b99d8a68ad4996"}},
  0},
 {<<"erl_health">>,
  {git,"https://github.com/rbkmoney/erlang-health.git",
       {ref,"406fdd367bc085eec48e2337dad63a86ef81acd3"}},
  0},
 {<<"erlang_localtime">>,
  {git,"https://github.com/kpy3/erlang_localtime",
       {ref,"c79fa7dd454343e7cbbdcce0c7a95ad86af1485d"}},
  0},
 {<<"file_storage_proto">>,
  {git,"git@github.com:rbkmoney/file-storage-proto.git",
       {ref,"ff9ce324941e88759ab1d53ce53dd4ecfe21a021"}},
  0},
 {<<"fistful_proto">>,
  {git,"git@github.com:rbkmoney/fistful-proto.git",
       {ref,"9badc46970306e9f2b44035cb4ca669f065c18b7"}},
  0},
 {<<"fistful_reporter_proto">>,
  {git,"git@github.com:rbkmoney/fistful-reporter-proto.git",
       {ref,"8bec5e6c08c8b43ba606a62fa65d164b07d3de96"}},
  0},
 {<<"folsom">>,
  {git,"https://github.com/folsom-project/folsom.git",
       {ref,"eeb1cc467eb64bd94075b95b8963e80d8b4df3df"}},
  2},
 {<<"genlib">>,
  {git,"https://github.com/rbkmoney/genlib.git",
       {ref,"54920e768a71f121304a5eda547ee60295398f3c"}},
  0},
 {<<"gproc">>,{pkg,<<"gproc">>,<<"0.8.0">>},0},
 {<<"gun">>,
  {git,"https://github.com/ninenines/gun.git",
       {ref,"e7dd9f227e46979d8073e71c683395a809b78cb4"}},
  1},
 {<<"hackney">>,{pkg,<<"hackney">>,<<"1.15.1">>},0},
 {<<"how_are_you">>,
  {git,"https://github.com/rbkmoney/how_are_you.git",
       {ref,"8f11d17eeb6eb74096da7363a9df272fd3099718"}},
  1},
 {<<"id_proto">>,
  {git,"git@github.com:rbkmoney/identification-proto.git",
       {ref,"1ccb06388c9d717e942046facaf32c0c816d6f69"}},
  0},
 {<<"identdocstore_proto">>,
  {git,"git@github.com:rbkmoney/identdocstore-proto.git",
       {ref,"ccd301e37c128810c9f68d7a64dd8183af91b2bf"}},
  0},
 {<<"idna">>,{pkg,<<"idna">>,<<"6.0.0">>},1},
 {<<"jesse">>,
  {git,"https://github.com/rbkmoney/jesse.git",
       {ref,"a21da0609e446f328c01b1a72191cda26a8969a4"}},
  0},
 {<<"jiffy">>,
  {git,"git@github.com:davisp/jiffy.git",
       {ref,"ba09da790477b0f7a31aeaa9b21cae0ffba27d77"}},
  0},
 {<<"jose">>,{pkg,<<"jose">>,<<"1.10.1">>},0},
 {<<"jsx">>,{pkg,<<"jsx">>,<<"2.8.2">>},0},
 {<<"lechiffre">>,
  {git,"git@github.com:rbkmoney/lechiffre.git",
       {ref,"da3ca720b1f226a0e4811d4b205a6085ff31b150"}},
  0},
 {<<"libdecaf">>,
  {git,"https://github.com/ndiezel0/erlang-libdecaf.git",
       {ref,"2e9175794945c1e19495cc7f52d823380d81cdb4"}},
  0},
 {<<"machinery">>,
  {git,"git@github.com:rbkmoney/machinery.git",
       {ref,"032ee30bf895231d801386380db7d0b991dbec9e"}},
  0},
 {<<"metrics">>,{pkg,<<"metrics">>,<<"1.0.1">>},1},
 {<<"mg_proto">>,
  {git,"https://github.com/rbkmoney/machinegun_proto.git",
       {ref,"eac772bb8446fcd2f439232bf10fa086c336aca6"}},
  1},
 {<<"mimerl">>,{pkg,<<"mimerl">>,<<"1.2.0">>},1},
 {<<"msgpack_proto">>,
  {git,"git@github.com:rbkmoney/msgpack-proto.git",
       {ref,"946343842ee740a19701df087edd1f1641eff769"}},
  1},
 {<<"parse_trans">>,
  {git,"https://github.com/rbkmoney/parse_trans.git",
       {ref,"5ee45f5bfa6c04329bea3281977b774f04c89f11"}},
  0},
 {<<"party_client">>,
  {git,"git@github.com:rbkmoney/party_client_erlang.git",
       {ref,"31defb8725a666198f98e50d9b4cbccd09676816"}},
  0},
 {<<"payproc_errors">>,
  {git,"git@github.com:rbkmoney/payproc-errors-erlang.git",
       {ref,"77cc445a4bb1496854586853646e543579ac1212"}},
  0},
 {<<"quickrand">>,{pkg,<<"quickrand">>,<<"1.7.3">>},1},
 {<<"ranch">>,{pkg,<<"ranch">>,<<"1.7.1">>},1},
 {<<"scoper">>,
  {git,"git@github.com:rbkmoney/scoper.git",
       {ref,"f2ac9c0b4e98a49a569631c3763c0585ec76abe5"}},
  0},
 {<<"shumpune_proto">>,
  {git,"git@github.com:rbkmoney/shumpune-proto.git",
       {ref,"4c87f03591cae3dad41504eb463d962af536b1ab"}},
  0},
 {<<"snowflake">>,
  {git,"https://github.com/rbkmoney/snowflake.git",
       {ref,"7f379ad5e389e1c96389a8d60bae8117965d6a6d"}},
  1},
 {<<"ssl_verify_fun">>,{pkg,<<"ssl_verify_fun">>,<<"1.1.4">>},1},
 {<<"thrift">>,
  {git,"https://github.com/rbkmoney/thrift_erlang.git",
       {ref,"d393ef9cdb10f3d761ba3a603df2b2929dc19a10"}},
  1},
 {<<"uac">>,
  {git,"https://github.com/rbkmoney/erlang_uac.git",
       {ref,"c8c7013172c1b3c04b0c601bdc1c042196bf3717"}},
  0},
 {<<"unicode_util_compat">>,{pkg,<<"unicode_util_compat">>,<<"0.4.1">>},2},
 {<<"uuid">>,{pkg,<<"uuid_erl">>,<<"1.7.3">>},0},
 {<<"woody">>,
  {git,"https://github.com/rbkmoney/woody_erlang.git",
       {ref,"b563bbb4351d9ac41a5bad6c9683f3a5b2e6b543"}},
  0},
 {<<"woody_user_identity">>,
  {git,"https://github.com/rbkmoney/woody_erlang_user_identity.git",
       {ref,"a73d40b053bdb39a29fb879d47417eacafee5da5"}},
  0}]}.
[
{pkg_hash,[
 {<<"base64url">>, <<"36A90125F5948E3AFD7BE97662A1504B934DD5DAC78451CA6E9ABF85A10286BE">>},
 {<<"bear">>, <<"16264309AE5D005D03718A5C82641FCC259C9E8F09ADEB6FD79CA4271168656F">>},
 {<<"cache">>, <<"3C11DBF4CD8FCD5787C95A5FB2A04038E3729CFCA0386016EEA8C953AB48A5AB">>},
 {<<"certifi">>, <<"867CE347F7C7D78563450A18A6A28A8090331E77FA02380B4A21962A65D36EE5">>},
 {<<"cowboy">>, <<"91ED100138A764355F43316B1D23D7FF6BDB0DE4EA618CB5D8677C93A7A2F115">>},
 {<<"cowlib">>, <<"FD0FF1787DB84AC415B8211573E9A30A3EBE71B5CBFF7F720089972B2319C8A4">>},
 {<<"gproc">>, <<"CEA02C578589C61E5341FCE149EA36CCEF236CC2ECAC8691FBA408E7EA77EC2F">>},
 {<<"hackney">>, <<"9F8F471C844B8CE395F7B6D8398139E26DDCA9EBC171A8B91342EE15A19963F4">>},
 {<<"idna">>, <<"689C46CBCDF3524C44D5F3DDE8001F364CD7608A99556D8FBD8239A5798D4C10">>},
 {<<"jose">>, <<"16D8E460DAE7203C6D1EFA3F277E25B5AF8B659FEBFC2F2EB4BACF87F128B80A">>},
 {<<"jsx">>, <<"7ACC7D785B5ABE8A6E9ADBDE926A24E481F29956DD8B4DF49E3E4E7BCC92A018">>},
 {<<"metrics">>, <<"25F094DEA2CDA98213CECC3AEFF09E940299D950904393B2A29D191C346A8486">>},
 {<<"mimerl">>, <<"67E2D3F571088D5CFD3E550C383094B47159F3EEE8FFA08E64106CDF5E981BE3">>},
 {<<"quickrand">>, <<"0E4FB48FAC904FE0C6E21D7E8C31A288A0700E1E81A35B38B649FC119079755D">>},
 {<<"ranch">>, <<"6B1FAB51B49196860B733A49C07604465A47BDB78AA10C1C16A3D199F7F8C881">>},
 {<<"ssl_verify_fun">>, <<"F0EAFFF810D2041E93F915EF59899C923F4568F4585904D010387ED74988E77B">>},
 {<<"unicode_util_compat">>, <<"D869E4C68901DD9531385BB0C8C40444EBF624E60B6962D95952775CAC5E90CD">>},
 {<<"uuid">>, <<"C5DF97D1A3D626235C2415E74053C47B2138BB863C5CD802AB5CAECB8ECC019F">>}]}
].
