{"1.1.0",
[{<<"base64url">>,{pkg,<<"base64url">>,<<"0.0.1">>},0},
 {<<"cache">>,{pkg,<<"cache">>,<<"2.2.0">>},1},
 {<<"certifi">>,{pkg,<<"certifi">>,<<"0.7.0">>},1},
 {<<"cg_mon">>,
  {git,"https://github.com/rbkmoney/cg_mon.git",
       {ref,"5a87a37694e42b6592d3b4164ae54e0e87e24e18"}},
  1},
 {<<"cowboy">>,{pkg,<<"cowboy">>,<<"1.0.4">>},0},
 {<<"cowboy_access_log">>,
  {git,"git@github.com:rbkmoney/cowboy_access_log.git",
       {ref,"99df4e8069d3d581a55d287e6bc0cb575c67d5ec"}},
  0},
 {<<"cowboy_cors">>,
  {git,"https://github.com/danielwhite/cowboy_cors.git",
       {ref,"392f5804b63fff2bd0fda67671d5b2fbe0badd37"}},
  0},
 {<<"cowlib">>,{pkg,<<"cowlib">>,<<"1.0.2">>},1},
 {<<"dmsl">>,
  {git,"git@github.com:rbkmoney/damsel.git",
       {ref,"5b6b92e22960795ddb078364521bfee3609b0fef"}},
  0},
 {<<"dmt_client">>,
  {git,"git@github.com:rbkmoney/dmt_client.git",
       {ref,"2d122747132c6c1d158ea0fb4c84068188541eff"}},
  0},
 {<<"dmt_core">>,
  {git,"git@github.com:rbkmoney/dmt_core.git",
       {ref,"045c78132ecce5a8ec4a2e6ccd2c6b0b65bade1f"}},
  1},
 {<<"erl_health">>,
  {git,"https://github.com/rbkmoney/erlang-health.git",
       {ref,"ab3ca1ccab6e77905810aa270eb936dbe70e02f8"}},
  0},
 {<<"erlang_localtime">>,
  {git,"https://github.com/kpy3/erlang_localtime",
       {ref,"c79fa7dd454343e7cbbdcce0c7a95ad86af1485d"}},
  0},
 {<<"fistful_proto">>,
  {git,"git@github.com:rbkmoney/fistful-proto.git",
       {ref,"37ccefb5dd1c87d1fcda36a46149d0c5b3320340"}},
  0},
 {<<"genlib">>,
  {git,"https://github.com/rbkmoney/genlib.git",
       {ref,"f198e1faf9baa71b887429546822ae2730281119"}},
  0},
 {<<"goldrush">>,{pkg,<<"goldrush">>,<<"0.1.9">>},1},
 {<<"gproc">>,{pkg,<<"gproc">>,<<"0.6.1">>},0},
 {<<"hackney">>,{pkg,<<"hackney">>,<<"1.6.2">>},0},
 {<<"id_proto">>,
  {git,"git@github.com:rbkmoney/identification-proto.git",
       {ref,"1ccb06388c9d717e942046facaf32c0c816d6f69"}},
  0},
 {<<"identdocstore_proto">>,
  {git,"git@github.com:rbkmoney/identdocstore-proto.git",
       {ref,"ccd301e37c128810c9f68d7a64dd8183af91b2bf"}},
  0},
 {<<"idna">>,{pkg,<<"idna">>,<<"1.2.0">>},1},
 {<<"jesse">>,
  {git,"https://github.com/rbkmoney/jesse.git",
       {ref,"39105922d1ce5834383d8e8aa877c60319b9834a"}},
  0},
 {<<"jose">>,{pkg,<<"jose">>,<<"1.7.9">>},0},
 {<<"jsx">>,{pkg,<<"jsx">>,<<"2.8.2">>},0},
 {<<"lager">>,{pkg,<<"lager">>,<<"3.6.1">>},0},
 {<<"lager_logstash_formatter">>,
  {git,"git@github.com:rbkmoney/lager_logstash_formatter.git",
       {ref,"24527c15c47749866f2d427b333fa1333a46b8af"}},
  0},
 {<<"machinery">>,
  {git,"git@github.com:rbkmoney/machinery.git",
       {ref,"ef24b4fff41b88981e0441b4097cbaa016e8e1b5"}},
  0},
 {<<"metrics">>,{pkg,<<"metrics">>,<<"1.0.1">>},1},
 {<<"mg_proto">>,
  {git,"git@github.com:rbkmoney/machinegun_proto.git",
       {ref,"5c07c579014f9900357f7a72f9d10a03008b9da1"}},
  0},
 {<<"mimerl">>,{pkg,<<"mimerl">>,<<"1.0.2">>},1},
 {<<"parse_trans">>,
  {git,"https://github.com/rbkmoney/parse_trans.git",
       {ref,"5ee45f5bfa6c04329bea3281977b774f04c89f11"}},
  0},
 {<<"payproc_errors">>,
  {git,"git@github.com:rbkmoney/payproc-errors-erlang.git",
       {ref,"9c720534eb88edc6ba47af084939efabceb9b2d6"}},
  0},
 {<<"quickrand">>,{pkg,<<"quickrand">>,<<"1.7.3">>},1},
 {<<"ranch">>,{pkg,<<"ranch">>,<<"1.5.0">>},1},
 {<<"rfc3339">>,{pkg,<<"rfc3339">>,<<"0.2.2">>},0},
 {<<"scoper">>,
  {git,"git@github.com:rbkmoney/scoper.git",
       {ref,"206f76e006207f75828c1df3dde0deaa8554f332"}},
  0},
 {<<"snowflake">>,
  {git,"https://github.com/rbkmoney/snowflake.git",
       {ref,"0a598108f6582affe3b4ae550fc5b9f2062e318a"}},
  1},
 {<<"ssl_verify_fun">>,{pkg,<<"ssl_verify_fun">>,<<"1.1.1">>},1},
 {<<"thrift">>,
  {git,"https://github.com/rbkmoney/thrift_erlang.git",
       {ref,"240bbc842f6e9b90d01bd07838778cf48752b510"}},
  1},
 {<<"uuid">>,{pkg,<<"uuid_erl">>,<<"1.7.3">>},0},
 {<<"woody">>,
  {git,"git@github.com:rbkmoney/woody_erlang.git",
       {ref,"aa82994bf30f7847e3321a027d961941c0c23578"}},
  0},
 {<<"woody_user_identity">>,
  {git,"git@github.com:rbkmoney/woody_erlang_user_identity.git",
       {ref,"9c7ad2b8beac9c88c54594b264743dec7b9cf696"}},
  0}]}.
[
{pkg_hash,[
 {<<"base64url">>, <<"36A90125F5948E3AFD7BE97662A1504B934DD5DAC78451CA6E9ABF85A10286BE">>},
 {<<"cache">>, <<"3C11DBF4CD8FCD5787C95A5FB2A04038E3729CFCA0386016EEA8C953AB48A5AB">>},
 {<<"certifi">>, <<"861A57F3808F7EB0C2D1802AFEAAE0FA5DE813B0DF0979153CBAFCD853ABABAF">>},
 {<<"cowboy">>, <<"A324A8DF9F2316C833A470D918AAF73AE894278B8AA6226CE7A9BF699388F878">>},
 {<<"cowlib">>, <<"9D769A1D062C9C3AC753096F868CA121E2730B9A377DE23DEC0F7E08B1DF84EE">>},
 {<<"goldrush">>, <<"F06E5D5F1277DA5C413E84D5A2924174182FB108DABB39D5EC548B27424CD106">>},
 {<<"gproc">>, <<"4579663E5677970758A05D8F65D13C3E9814EC707AD51D8DCEF7294EDA1A730C">>},
 {<<"hackney">>, <<"96A0A5E7E65B7ACAD8031D231965718CC70A9B4131A8B033B7543BBD673B8210">>},
 {<<"idna">>, <<"AC62EE99DA068F43C50DC69ACF700E03A62A348360126260E87F2B54ECED86B2">>},
 {<<"jose">>, <<"9DC5A14AB62DB4E41677FCC97993752562FB57AD0B8BA062589682EDD3ACB91F">>},
 {<<"jsx">>, <<"7ACC7D785B5ABE8A6E9ADBDE926A24E481F29956DD8B4DF49E3E4E7BCC92A018">>},
 {<<"lager">>, <<"9D29C5FF7F926D25ECD9899990867C9152DCF34EEE65BAC8EC0DFC0D16A26E0C">>},
 {<<"metrics">>, <<"25F094DEA2CDA98213CECC3AEFF09E940299D950904393B2A29D191C346A8486">>},
 {<<"mimerl">>, <<"993F9B0E084083405ED8252B99460C4F0563E41729AB42D9074FD5E52439BE88">>},
 {<<"quickrand">>, <<"0E4FB48FAC904FE0C6E21D7E8C31A288A0700E1E81A35B38B649FC119079755D">>},
 {<<"ranch">>, <<"F04166F456790FEE2AC1AA05A02745CC75783C2BFB26D39FAF6AEFC9A3D3A58A">>},
 {<<"rfc3339">>, <<"1552DF616ACA368D982E9F085A0E933B6688A3F4938A671798978EC2C0C58730">>},
 {<<"ssl_verify_fun">>, <<"28A4D65B7F59893BC2C7DE786DEC1E1555BD742D336043FE644AE956C3497FBE">>},
 {<<"uuid">>, <<"C5DF97D1A3D626235C2415E74053C47B2138BB863C5CD802AB5CAECB8ECC019F">>}]}
].
